
Microsoft Visual Studio Solution File, Format Version 12.00
# Visual Studio Version 17
VisualStudioVersion = 17.0.31903.59
MinimumVisualStudioVersion = 10.0.40219.1
Project("{FAE04EC0-301F-11D3-BF4B-00C04F79EFBC}") = "MainApp", "MainApp\MainApp.csproj", "{72BD673E-8AE8-44DC-B01C-477394725175}"
EndProject
Project("{FAE04EC0-301F-11D3-BF4B-00C04F79EFBC}") = "Infrastructure", "Infrastructure\Infrastructure.csproj", "{5E9B778D-DFAC-46D7-BC95-8DD527D0469E}"
EndProject
Project("{FAE04EC0-301F-11D3-BF4B-00C04F79EFBC}") = "Domain", "Domain\Domain.csproj", "{93133E81-4D7E-492F-9EC1-8FBA637E86CD}"
EndProject
Global
	GlobalSection(SolutionConfigurationPlatforms) = preSolution
		Debug|Any CPU = Debug|Any CPU
		Release|Any CPU = Release|Any CPU
	EndGlobalSection
	GlobalSection(SolutionProperties) = preSolution
		HideSolutionNode = FALSE
	EndGlobalSection
	GlobalSection(ProjectConfigurationPlatforms) = postSolution
		{72BD673E-8AE8-44DC-B01C-477394725175}.Debug|Any CPU.ActiveCfg = Debug|Any CPU
		{72BD673E-8AE8-44DC-B01C-477394725175}.Debug|Any CPU.Build.0 = Debug|Any CPU
		{72BD673E-8AE8-44DC-B01C-477394725175}.Release|Any CPU.ActiveCfg = Release|Any CPU
		{72BD673E-8AE8-44DC-B01C-477394725175}.Release|Any CPU.Build.0 = Release|Any CPU
		{5E9B778D-DFAC-46D7-BC95-8DD527D0469E}.Debug|Any CPU.ActiveCfg = Debug|Any CPU
		{5E9B778D-DFAC-46D7-BC95-8DD527D0469E}.Debug|Any CPU.Build.0 = Debug|Any CPU
		{5E9B778D-DFAC-46D7-BC95-8DD527D0469E}.Release|Any CPU.ActiveCfg = Release|Any CPU
		{5E9B778D-DFAC-46D7-BC95-8DD527D0469E}.Release|Any CPU.Build.0 = Release|Any CPU
		{93133E81-4D7E-492F-9EC1-8FBA637E86CD}.Debug|Any CPU.ActiveCfg = Debug|Any CPU
		{93133E81-4D7E-492F-9EC1-8FBA637E86CD}.Debug|Any CPU.Build.0 = Debug|Any CPU
		{93133E81-4D7E-492F-9EC1-8FBA637E86CD}.Release|Any CPU.ActiveCfg = Release|Any CPU
		{93133E81-4D7E-492F-9EC1-8FBA637E86CD}.Release|Any CPU.Build.0 = Release|Any CPU
	EndGlobalSection
EndGlobal
